
Microsoft Visual Studio Solution File, Format Version 12.00
# Visual Studio 15
VisualStudioVersion = 15.0.28307.779
MinimumVisualStudioVersion = 10.0.40219.1
Project("{FAE04EC0-301F-11D3-BF4B-00C04F79EFBC}") = "Polish Worder", "Polish Worder\Polish Worder.csproj", "{40790E76-ABDB-48D0-AA7A-A0535E8D4A4D}"
EndProject
Global
	GlobalSection(SolutionConfigurationPlatforms) = preSolution
		Debug|Any CPU = Debug|Any CPU
		Release|Any CPU = Release|Any CPU
	EndGlobalSection
	GlobalSection(ProjectConfigurationPlatforms) = postSolution
		{40790E76-ABDB-48D0-AA7A-A0535E8D4A4D}.Debug|Any CPU.ActiveCfg = Debug|Any CPU
		{40790E76-ABDB-48D0-AA7A-A0535E8D4A4D}.Debug|Any CPU.Build.0 = Debug|Any CPU
		{40790E76-ABDB-48D0-AA7A-A0535E8D4A4D}.Release|Any CPU.ActiveCfg = Release|Any CPU
		{40790E76-ABDB-48D0-AA7A-A0535E8D4A4D}.Release|Any CPU.Build.0 = Release|Any CPU
	EndGlobalSection
	GlobalSection(SolutionProperties) = preSolution
		HideSolutionNode = FALSE
	EndGlobalSection
	GlobalSection(ExtensibilityGlobals) = postSolution
		SolutionGuid = {A94057C7-0427-48FD-8ADE-B2C8826B3145}
	EndGlobalSection
EndGlobal
